
Microsoft Visual Studio Solution File, Format Version 12.00
# Visual Studio Version 16
VisualStudioVersion = 16.0.29324.140
MinimumVisualStudioVersion = 10.0.40219.1
Project("{9A19103F-16F7-4668-BE54-9A1E7A4F7556}") = "Husyoudaddy", "Husyoudaddy.csproj", "{C148CB2B-A4B7-4720-A268-CD346AAAA1B2}"
EndProject
Global
	GlobalSection(SolutionConfigurationPlatforms) = preSolution
		Debug|Any CPU = Debug|Any CPU
		Release|Any CPU = Release|Any CPU
	EndGlobalSection
	GlobalSection(ProjectConfigurationPlatforms) = postSolution
		{C148CB2B-A4B7-4720-A268-CD346AAAA1B2}.Debug|Any CPU.ActiveCfg = Debug|Any CPU
		{C148CB2B-A4B7-4720-A268-CD346AAAA1B2}.Debug|Any CPU.Build.0 = Debug|Any CPU
		{C148CB2B-A4B7-4720-A268-CD346AAAA1B2}.Release|Any CPU.ActiveCfg = Release|Any CPU
		{C148CB2B-A4B7-4720-A268-CD346AAAA1B2}.Release|Any CPU.Build.0 = Release|Any CPU
	EndGlobalSection
	GlobalSection(SolutionProperties) = preSolution
		HideSolutionNode = FALSE
	EndGlobalSection
	GlobalSection(ExtensibilityGlobals) = postSolution
		SolutionGuid = {464B406A-9D84-44C7-AA99-68BB11C18C22}
	EndGlobalSection
EndGlobal
